
Microsoft Visual Studio Solution File, Format Version 12.00
# Visual Studio Version 17
VisualStudioVersion = 17.7.34031.279
MinimumVisualStudioVersion = 10.0.40219.1
Project("{FAE04EC0-301F-11D3-BF4B-00C04F79EFBC}") = "SunShine_HRMs", "SunShine_HRMs\SunShine_HRMs.csproj", "{BE983E4F-9943-4A27-BA1D-719EDA93424D}"
EndProject
Global
	GlobalSection(SolutionConfigurationPlatforms) = preSolution
		Debug|Any CPU = Debug|Any CPU
		Release|Any CPU = Release|Any CPU
	EndGlobalSection
	GlobalSection(ProjectConfigurationPlatforms) = postSolution
		{BE983E4F-9943-4A27-BA1D-719EDA93424D}.Debug|Any CPU.ActiveCfg = Debug|Any CPU
		{BE983E4F-9943-4A27-BA1D-719EDA93424D}.Debug|Any CPU.Build.0 = Debug|Any CPU
		{BE983E4F-9943-4A27-BA1D-719EDA93424D}.Release|Any CPU.ActiveCfg = Release|Any CPU
		{BE983E4F-9943-4A27-BA1D-719EDA93424D}.Release|Any CPU.Build.0 = Release|Any CPU
	EndGlobalSection
	GlobalSection(SolutionProperties) = preSolution
		HideSolutionNode = FALSE
	EndGlobalSection
	GlobalSection(ExtensibilityGlobals) = postSolution
		SolutionGuid = {1BFAC98C-6FFE-4EDD-91AC-9F17FC25D840}
	EndGlobalSection
EndGlobal
